
Microsoft Visual Studio Solution File, Format Version 12.00
Project("{FAE04EC0-301F-11D3-BF4B-00C04F79EFBC}") = "ProTasker", "ProTasker\ProTasker.csproj", "{D2A4A7F3-D871-4FC0-890A-631EA89D3250}"
EndProject
Project("{FAE04EC0-301F-11D3-BF4B-00C04F79EFBC}") = "BU", "BU\BU.csproj", "{779E2084-E3C6-4AF9-A1CA-E7FFDE4E7AE9}"
EndProject
Project("{FAE04EC0-301F-11D3-BF4B-00C04F79EFBC}") = "DAL", "DAL\DAL.csproj", "{5266FCB9-120D-4055-923C-BFF30A26063F}"
EndProject
Project("{FAE04EC0-301F-11D3-BF4B-00C04F79EFBC}") = "Unitests", "Unitests\Unitests.csproj", "{F86C1EA3-8261-4259-B886-C01C8F64CDFC}"
EndProject
Global
	GlobalSection(SolutionConfigurationPlatforms) = preSolution
		Debug|Any CPU = Debug|Any CPU
		Release|Any CPU = Release|Any CPU
	EndGlobalSection
	GlobalSection(ProjectConfigurationPlatforms) = postSolution
		{D2A4A7F3-D871-4FC0-890A-631EA89D3250}.Debug|Any CPU.ActiveCfg = Debug|Any CPU
		{D2A4A7F3-D871-4FC0-890A-631EA89D3250}.Debug|Any CPU.Build.0 = Debug|Any CPU
		{D2A4A7F3-D871-4FC0-890A-631EA89D3250}.Release|Any CPU.ActiveCfg = Release|Any CPU
		{D2A4A7F3-D871-4FC0-890A-631EA89D3250}.Release|Any CPU.Build.0 = Release|Any CPU
		{779E2084-E3C6-4AF9-A1CA-E7FFDE4E7AE9}.Debug|Any CPU.ActiveCfg = Debug|Any CPU
		{779E2084-E3C6-4AF9-A1CA-E7FFDE4E7AE9}.Debug|Any CPU.Build.0 = Debug|Any CPU
		{779E2084-E3C6-4AF9-A1CA-E7FFDE4E7AE9}.Release|Any CPU.ActiveCfg = Release|Any CPU
		{779E2084-E3C6-4AF9-A1CA-E7FFDE4E7AE9}.Release|Any CPU.Build.0 = Release|Any CPU
		{5266FCB9-120D-4055-923C-BFF30A26063F}.Debug|Any CPU.ActiveCfg = Debug|Any CPU
		{5266FCB9-120D-4055-923C-BFF30A26063F}.Debug|Any CPU.Build.0 = Debug|Any CPU
		{5266FCB9-120D-4055-923C-BFF30A26063F}.Release|Any CPU.ActiveCfg = Release|Any CPU
		{5266FCB9-120D-4055-923C-BFF30A26063F}.Release|Any CPU.Build.0 = Release|Any CPU
		{F86C1EA3-8261-4259-B886-C01C8F64CDFC}.Debug|Any CPU.ActiveCfg = Debug|Any CPU
		{F86C1EA3-8261-4259-B886-C01C8F64CDFC}.Debug|Any CPU.Build.0 = Debug|Any CPU
		{F86C1EA3-8261-4259-B886-C01C8F64CDFC}.Release|Any CPU.ActiveCfg = Release|Any CPU
		{F86C1EA3-8261-4259-B886-C01C8F64CDFC}.Release|Any CPU.Build.0 = Release|Any CPU
	EndGlobalSection
EndGlobal
